// !$*UTF8*$!
{
	archiveVersion = 1;
	classes = {
	};
	objectVersion = 55;
	objects = {

/* Begin PBXBuildFile section */
		3C082D3528BC144F000AFD4B /* WeatherView.swift in Sources */ = {isa = PBXBuildFile; fileRef = 3C082D3428BC144F000AFD4B /* WeatherView.swift */; };
		3C082D3728BD0DDB000AFD4B /* SelectedCityView.swift in Sources */ = {isa = PBXBuildFile; fileRef = 3C082D3628BD0DDB000AFD4B /* SelectedCityView.swift */; };
		3C082D3928BD6EE8000AFD4B /* DetailView.swift in Sources */ = {isa = PBXBuildFile; fileRef = 3C082D3828BD6EE8000AFD4B /* DetailView.swift */; };
		3C42D8E328BE528700365BA9 /* ForecastHourView.swift in Sources */ = {isa = PBXBuildFile; fileRef = 3C42D8E228BE528700365BA9 /* ForecastHourView.swift */; };
		3C42D8E728BE7B5A00365BA9 /* ForecastDaysView.swift in Sources */ = {isa = PBXBuildFile; fileRef = 3C42D8E628BE7B5A00365BA9 /* ForecastDaysView.swift */; };
		3C4B0C3E28B937730054B2C9 /* cities.json in Resources */ = {isa = PBXBuildFile; fileRef = 3C4B0C3D28B937730054B2C9 /* cities.json */; };
		3C4B0C4028B9388D0054B2C9 /* CitiesModel.swift in Sources */ = {isa = PBXBuildFile; fileRef = 3C4B0C3F28B9388D0054B2C9 /* CitiesModel.swift */; };
		3C4B0C4228B93C680054B2C9 /* CitiesViewModel.swift in Sources */ = {isa = PBXBuildFile; fileRef = 3C4B0C4128B93C680054B2C9 /* CitiesViewModel.swift */; };
		3C4B0C4428BA50490054B2C9 /* Pickingview.swift in Sources */ = {isa = PBXBuildFile; fileRef = 3C4B0C4328BA50490054B2C9 /* Pickingview.swift */; };
		3CE2057628B7C35B00D11DD8 /* WeatherChallengeApp.swift in Sources */ = {isa = PBXBuildFile; fileRef = 3CE2057528B7C35B00D11DD8 /* WeatherChallengeApp.swift */; };
		3CE2057828B7C35B00D11DD8 /* ContentView.swift in Sources */ = {isa = PBXBuildFile; fileRef = 3CE2057728B7C35B00D11DD8 /* ContentView.swift */; };
		3CE2057A28B7C36400D11DD8 /* Assets.xcassets in Resources */ = {isa = PBXBuildFile; fileRef = 3CE2057928B7C36400D11DD8 /* Assets.xcassets */; };
		3CE2057D28B7C36400D11DD8 /* Preview Assets.xcassets in Resources */ = {isa = PBXBuildFile; fileRef = 3CE2057C28B7C36400D11DD8 /* Preview Assets.xcassets */; };
		3CE2058528B7C4A300D11DD8 /* Response.swift in Sources */ = {isa = PBXBuildFile; fileRef = 3CE2058428B7C4A300D11DD8 /* Response.swift */; };
		3CE2058828B7D56900D11DD8 /* Alamofire in Frameworks */ = {isa = PBXBuildFile; productRef = 3CE2058728B7D56900D11DD8 /* Alamofire */; };
		3CE2058C28B7D6CD00D11DD8 /* NetWorkingProvider.swift in Sources */ = {isa = PBXBuildFile; fileRef = 3CE2058B28B7D6CD00D11DD8 /* NetWorkingProvider.swift */; };
		3CE2059228B8ED2800D11DD8 /* LocationModel.swift in Sources */ = {isa = PBXBuildFile; fileRef = 3CE2059128B8ED2700D11DD8 /* LocationModel.swift */; };
		3CE2059528B8EE3F00D11DD8 /* MapView.swift in Sources */ = {isa = PBXBuildFile; fileRef = 3CE2059428B8EE3F00D11DD8 /* MapView.swift */; };
		3CE2059728B8F36B00D11DD8 /* LocationViewModel.swift in Sources */ = {isa = PBXBuildFile; fileRef = 3CE2059628B8F36B00D11DD8 /* LocationViewModel.swift */; };
/* End PBXBuildFile section */

/* Begin PBXFileReference section */
		3C082D3428BC144F000AFD4B /* WeatherView.swift */ = {isa = PBXFileReference; lastKnownFileType = sourcecode.swift; path = WeatherView.swift; sourceTree = "<group>"; };
		3C082D3628BD0DDB000AFD4B /* SelectedCityView.swift */ = {isa = PBXFileReference; lastKnownFileType = sourcecode.swift; path = SelectedCityView.swift; sourceTree = "<group>"; };
		3C082D3828BD6EE8000AFD4B /* DetailView.swift */ = {isa = PBXFileReference; lastKnownFileType = sourcecode.swift; path = DetailView.swift; sourceTree = "<group>"; };
		3C42D8E228BE528700365BA9 /* ForecastHourView.swift */ = {isa = PBXFileReference; lastKnownFileType = sourcecode.swift; path = ForecastHourView.swift; sourceTree = "<group>"; };
		3C42D8E628BE7B5A00365BA9 /* ForecastDaysView.swift */ = {isa = PBXFileReference; lastKnownFileType = sourcecode.swift; path = ForecastDaysView.swift; sourceTree = "<group>"; };
		3C4B0C3D28B937730054B2C9 /* cities.json */ = {isa = PBXFileReference; fileEncoding = 4; lastKnownFileType = text.json; path = cities.json; sourceTree = "<group>"; };
		3C4B0C3F28B9388D0054B2C9 /* CitiesModel.swift */ = {isa = PBXFileReference; lastKnownFileType = sourcecode.swift; path = CitiesModel.swift; sourceTree = "<group>"; };
		3C4B0C4128B93C680054B2C9 /* CitiesViewModel.swift */ = {isa = PBXFileReference; lastKnownFileType = sourcecode.swift; path = CitiesViewModel.swift; sourceTree = "<group>"; };
		3C4B0C4328BA50490054B2C9 /* Pickingview.swift */ = {isa = PBXFileReference; lastKnownFileType = sourcecode.swift; path = Pickingview.swift; sourceTree = "<group>"; };
		3CE2057228B7C35B00D11DD8 /* WeatherChallenge.app */ = {isa = PBXFileReference; explicitFileType = wrapper.application; includeInIndex = 0; path = WeatherChallenge.app; sourceTree = BUILT_PRODUCTS_DIR; };
		3CE2057528B7C35B00D11DD8 /* WeatherChallengeApp.swift */ = {isa = PBXFileReference; lastKnownFileType = sourcecode.swift; path = WeatherChallengeApp.swift; sourceTree = "<group>"; };
		3CE2057728B7C35B00D11DD8 /* ContentView.swift */ = {isa = PBXFileReference; lastKnownFileType = sourcecode.swift; path = ContentView.swift; sourceTree = "<group>"; };
		3CE2057928B7C36400D11DD8 /* Assets.xcassets */ = {isa = PBXFileReference; lastKnownFileType = folder.assetcatalog; path = Assets.xcassets; sourceTree = "<group>"; };
		3CE2057C28B7C36400D11DD8 /* Preview Assets.xcassets */ = {isa = PBXFileReference; lastKnownFileType = folder.assetcatalog; path = "Preview Assets.xcassets"; sourceTree = "<group>"; };
		3CE2058428B7C4A300D11DD8 /* Response.swift */ = {isa = PBXFileReference; lastKnownFileType = sourcecode.swift; path = Response.swift; sourceTree = "<group>"; };
		3CE2058B28B7D6CD00D11DD8 /* NetWorkingProvider.swift */ = {isa = PBXFileReference; lastKnownFileType = sourcecode.swift; path = NetWorkingProvider.swift; sourceTree = "<group>"; };
		3CE2059128B8ED2700D11DD8 /* LocationModel.swift */ = {isa = PBXFileReference; lastKnownFileType = sourcecode.swift; path = LocationModel.swift; sourceTree = "<group>"; };
		3CE2059428B8EE3F00D11DD8 /* MapView.swift */ = {isa = PBXFileReference; lastKnownFileType = sourcecode.swift; path = MapView.swift; sourceTree = "<group>"; };
		3CE2059628B8F36B00D11DD8 /* LocationViewModel.swift */ = {isa = PBXFileReference; lastKnownFileType = sourcecode.swift; path = LocationViewModel.swift; sourceTree = "<group>"; };
/* End PBXFileReference section */

/* Begin PBXFrameworksBuildPhase section */
		3CE2056F28B7C35B00D11DD8 /* Frameworks */ = {
			isa = PBXFrameworksBuildPhase;
			buildActionMask = 2147483647;
			files = (
				3CE2058828B7D56900D11DD8 /* Alamofire in Frameworks */,
			);
			runOnlyForDeploymentPostprocessing = 0;
		};
/* End PBXFrameworksBuildPhase section */

/* Begin PBXGroup section */
		3CE2056928B7C35B00D11DD8 = {
			isa = PBXGroup;
			children = (
				3CE2057428B7C35B00D11DD8 /* WeatherChallenge */,
				3CE2057328B7C35B00D11DD8 /* Products */,
			);
			sourceTree = "<group>";
		};
		3CE2057328B7C35B00D11DD8 /* Products */ = {
			isa = PBXGroup;
			children = (
				3CE2057228B7C35B00D11DD8 /* WeatherChallenge.app */,
			);
			name = Products;
			sourceTree = "<group>";
		};
		3CE2057428B7C35B00D11DD8 /* WeatherChallenge */ = {
			isa = PBXGroup;
			children = (
				3C4B0C3D28B937730054B2C9 /* cities.json */,
				3CE2057528B7C35B00D11DD8 /* WeatherChallengeApp.swift */,
				3CE2058328B7C44E00D11DD8 /* Data */,
				3CE2059328B8EE1D00D11DD8 /* Views */,
				3CE2057728B7C35B00D11DD8 /* ContentView.swift */,
				3CE2057928B7C36400D11DD8 /* Assets.xcassets */,
				3CE2057B28B7C36400D11DD8 /* Preview Content */,
			);
			path = WeatherChallenge;
			sourceTree = "<group>";
		};
		3CE2057B28B7C36400D11DD8 /* Preview Content */ = {
			isa = PBXGroup;
			children = (
				3CE2057C28B7C36400D11DD8 /* Preview Assets.xcassets */,
			);
			path = "Preview Content";
			sourceTree = "<group>";
		};
		3CE2058328B7C44E00D11DD8 /* Data */ = {
			isa = PBXGroup;
			children = (
				3C4B0C3F28B9388D0054B2C9 /* CitiesModel.swift */,
				3C4B0C4128B93C680054B2C9 /* CitiesViewModel.swift */,
				3CE2059128B8ED2700D11DD8 /* LocationModel.swift */,
				3CE2059628B8F36B00D11DD8 /* LocationViewModel.swift */,
				3CE2058428B7C4A300D11DD8 /* Response.swift */,
				3CE2058B28B7D6CD00D11DD8 /* NetWorkingProvider.swift */,
			);
			path = Data;
			sourceTree = "<group>";
		};
		3CE2059328B8EE1D00D11DD8 /* Views */ = {
			isa = PBXGroup;
			children = (
				3CE2059428B8EE3F00D11DD8 /* MapView.swift */,
				3C4B0C4328BA50490054B2C9 /* Pickingview.swift */,
				3C082D3428BC144F000AFD4B /* WeatherView.swift */,
				3C082D3628BD0DDB000AFD4B /* SelectedCityView.swift */,
				3C082D3828BD6EE8000AFD4B /* DetailView.swift */,
				3C42D8E628BE7B5A00365BA9 /* ForecastDaysView.swift */,
				3C42D8E228BE528700365BA9 /* ForecastHourView.swift */,
			);
			path = Views;
			sourceTree = "<group>";
		};
/* End PBXGroup section */

/* Begin PBXNativeTarget section */
		3CE2057128B7C35B00D11DD8 /* WeatherChallenge */ = {
			isa = PBXNativeTarget;
			buildConfigurationList = 3CE2058028B7C36400D11DD8 /* Build configuration list for PBXNativeTarget "WeatherChallenge" */;
			buildPhases = (
				3CE2056E28B7C35B00D11DD8 /* Sources */,
				3CE2056F28B7C35B00D11DD8 /* Frameworks */,
				3CE2057028B7C35B00D11DD8 /* Resources */,
			);
			buildRules = (
			);
			dependencies = (
			);
			name = WeatherChallenge;
			packageProductDependencies = (
				3CE2058728B7D56900D11DD8 /* Alamofire */,
			);
			productName = WeatherChallenge;
			productReference = 3CE2057228B7C35B00D11DD8 /* WeatherChallenge.app */;
			productType = "com.apple.product-type.application";
		};
/* End PBXNativeTarget section */

/* Begin PBXProject section */
		3CE2056A28B7C35B00D11DD8 /* Project object */ = {
			isa = PBXProject;
			attributes = {
				BuildIndependentTargetsInParallel = 1;
				LastSwiftUpdateCheck = 1300;
				LastUpgradeCheck = 1300;
				TargetAttributes = {
					3CE2057128B7C35B00D11DD8 = {
						CreatedOnToolsVersion = 13.0;
					};
				};
			};
			buildConfigurationList = 3CE2056D28B7C35B00D11DD8 /* Build configuration list for PBXProject "WeatherChallenge" */;
			compatibilityVersion = "Xcode 13.0";
			developmentRegion = en;
			hasScannedForEncodings = 0;
			knownRegions = (
				en,
				Base,
			);
			mainGroup = 3CE2056928B7C35B00D11DD8;
			packageReferences = (
				3CE2058628B7D56900D11DD8 /* XCRemoteSwiftPackageReference "Alamofire" */,
			);
			productRefGroup = 3CE2057328B7C35B00D11DD8 /* Products */;
			projectDirPath = "";
			projectRoot = "";
			targets = (
				3CE2057128B7C35B00D11DD8 /* WeatherChallenge */,
			);
		};
/* End PBXProject section */

/* Begin PBXResourcesBuildPhase section */
		3CE2057028B7C35B00D11DD8 /* Resources */ = {
			isa = PBXResourcesBuildPhase;
			buildActionMask = 2147483647;
			files = (
				3C4B0C3E28B937730054B2C9 /* cities.json in Resources */,
				3CE2057D28B7C36400D11DD8 /* Preview Assets.xcassets in Resources */,
				3CE2057A28B7C36400D11DD8 /* Assets.xcassets in Resources */,
			);
			runOnlyForDeploymentPostprocessing = 0;
		};
/* End PBXResourcesBuildPhase section */

/* Begin PBXSourcesBuildPhase section */
		3CE2056E28B7C35B00D11DD8 /* Sources */ = {
			isa = PBXSourcesBuildPhase;
			buildActionMask = 2147483647;
			files = (
				3C42D8E728BE7B5A00365BA9 /* ForecastDaysView.swift in Sources */,
				3C082D3528BC144F000AFD4B /* WeatherView.swift in Sources */,
				3C4B0C4028B9388D0054B2C9 /* CitiesModel.swift in Sources */,
				3C082D3728BD0DDB000AFD4B /* SelectedCityView.swift in Sources */,
				3C4B0C4228B93C680054B2C9 /* CitiesViewModel.swift in Sources */,
				3CE2057828B7C35B00D11DD8 /* ContentView.swift in Sources */,
				3CE2059528B8EE3F00D11DD8 /* MapView.swift in Sources */,
				3C4B0C4428BA50490054B2C9 /* Pickingview.swift in Sources */,
				3C082D3928BD6EE8000AFD4B /* DetailView.swift in Sources */,
				3CE2057628B7C35B00D11DD8 /* WeatherChallengeApp.swift in Sources */,
				3CE2058C28B7D6CD00D11DD8 /* NetWorkingProvider.swift in Sources */,
				3CE2059728B8F36B00D11DD8 /* LocationViewModel.swift in Sources */,
				3C42D8E328BE528700365BA9 /* ForecastHourView.swift in Sources */,
				3CE2059228B8ED2800D11DD8 /* LocationModel.swift in Sources */,
				3CE2058528B7C4A300D11DD8 /* Response.swift in Sources */,
			);
			runOnlyForDeploymentPostprocessing = 0;
		};
/* End PBXSourcesBuildPhase section */

/* Begin XCBuildConfiguration section */
		3CE2057E28B7C36400D11DD8 /* Debug */ = {
			isa = XCBuildConfiguration;
			buildSettings = {
				ALWAYS_SEARCH_USER_PATHS = NO;
				CLANG_ANALYZER_NONNULL = YES;
				CLANG_ANALYZER_NUMBER_OBJECT_CONVERSION = YES_AGGRESSIVE;
				CLANG_CXX_LANGUAGE_STANDARD = "gnu++17";
				CLANG_CXX_LIBRARY = "libc++";
				CLANG_ENABLE_MODULES = YES;
				CLANG_ENABLE_OBJC_ARC = YES;
				CLANG_ENABLE_OBJC_WEAK = YES;
				CLANG_WARN_BLOCK_CAPTURE_AUTORELEASING = YES;
				CLANG_WARN_BOOL_CONVERSION = YES;
				CLANG_WARN_COMMA = YES;
				CLANG_WARN_CONSTANT_CONVERSION = YES;
				CLANG_WARN_DEPRECATED_OBJC_IMPLEMENTATIONS = YES;
				CLANG_WARN_DIRECT_OBJC_ISA_USAGE = YES_ERROR;
				CLANG_WARN_DOCUMENTATION_COMMENTS = YES;
				CLANG_WARN_EMPTY_BODY = YES;
				CLANG_WARN_ENUM_CONVERSION = YES;
				CLANG_WARN_INFINITE_RECURSION = YES;
				CLANG_WARN_INT_CONVERSION = YES;
				CLANG_WARN_NON_LITERAL_NULL_CONVERSION = YES;
				CLANG_WARN_OBJC_IMPLICIT_RETAIN_SELF = YES;
				CLANG_WARN_OBJC_LITERAL_CONVERSION = YES;
				CLANG_WARN_OBJC_ROOT_CLASS = YES_ERROR;
				CLANG_WARN_QUOTED_INCLUDE_IN_FRAMEWORK_HEADER = YES;
				CLANG_WARN_RANGE_LOOP_ANALYSIS = YES;
				CLANG_WARN_STRICT_PROTOTYPES = YES;
				CLANG_WARN_SUSPICIOUS_MOVE = YES;
				CLANG_WARN_UNGUARDED_AVAILABILITY = YES_AGGRESSIVE;
				CLANG_WARN_UNREACHABLE_CODE = YES;
				CLANG_WARN__DUPLICATE_METHOD_MATCH = YES;
				COPY_PHASE_STRIP = NO;
				DEBUG_INFORMATION_FORMAT = dwarf;
				ENABLE_STRICT_OBJC_MSGSEND = YES;
				ENABLE_TESTABILITY = YES;
				GCC_C_LANGUAGE_STANDARD = gnu11;
				GCC_DYNAMIC_NO_PIC = NO;
				GCC_NO_COMMON_BLOCKS = YES;
				GCC_OPTIMIZATION_LEVEL = 0;
				GCC_PREPROCESSOR_DEFINITIONS = (
					"DEBUG=1",
					"$(inherited)",
				);
				GCC_WARN_64_TO_32_BIT_CONVERSION = YES;
				GCC_WARN_ABOUT_RETURN_TYPE = YES_ERROR;
				GCC_WARN_UNDECLARED_SELECTOR = YES;
				GCC_WARN_UNINITIALIZED_AUTOS = YES_AGGRESSIVE;
				GCC_WARN_UNUSED_FUNCTION = YES;
				GCC_WARN_UNUSED_VARIABLE = YES;
				IPHONEOS_DEPLOYMENT_TARGET = 15.0;
				MTL_ENABLE_DEBUG_INFO = INCLUDE_SOURCE;
				MTL_FAST_MATH = YES;
				ONLY_ACTIVE_ARCH = YES;
				SDKROOT = iphoneos;
				SWIFT_ACTIVE_COMPILATION_CONDITIONS = DEBUG;
				SWIFT_OPTIMIZATION_LEVEL = "-Onone";
			};
			name = Debug;
		};
		3CE2057F28B7C36400D11DD8 /* Release */ = {
			isa = XCBuildConfiguration;
			buildSettings = {
				ALWAYS_SEARCH_USER_PATHS = NO;
				CLANG_ANALYZER_NONNULL = YES;
				CLANG_ANALYZER_NUMBER_OBJECT_CONVERSION = YES_AGGRESSIVE;
				CLANG_CXX_LANGUAGE_STANDARD = "gnu++17";
				CLANG_CXX_LIBRARY = "libc++";
				CLANG_ENABLE_MODULES = YES;
				CLANG_ENABLE_OBJC_ARC = YES;
				CLANG_ENABLE_OBJC_WEAK = YES;
				CLANG_WARN_BLOCK_CAPTURE_AUTORELEASING = YES;
				CLANG_WARN_BOOL_CONVERSION = YES;
				CLANG_WARN_COMMA = YES;
				CLANG_WARN_CONSTANT_CONVERSION = YES;
				CLANG_WARN_DEPRECATED_OBJC_IMPLEMENTATIONS = YES;
				CLANG_WARN_DIRECT_OBJC_ISA_USAGE = YES_ERROR;
				CLANG_WARN_DOCUMENTATION_COMMENTS = YES;
				CLANG_WARN_EMPTY_BODY = YES;
				CLANG_WARN_ENUM_CONVERSION = YES;
				CLANG_WARN_INFINITE_RECURSION = YES;
				CLANG_WARN_INT_CONVERSION = YES;
				CLANG_WARN_NON_LITERAL_NULL_CONVERSION = YES;
				CLANG_WARN_OBJC_IMPLICIT_RETAIN_SELF = YES;
				CLANG_WARN_OBJC_LITERAL_CONVERSION = YES;
				CLANG_WARN_OBJC_ROOT_CLASS = YES_ERROR;
				CLANG_WARN_QUOTED_INCLUDE_IN_FRAMEWORK_HEADER = YES;
				CLANG_WARN_RANGE_LOOP_ANALYSIS = YES;
				CLANG_WARN_STRICT_PROTOTYPES = YES;
				CLANG_WARN_SUSPICIOUS_MOVE = YES;
				CLANG_WARN_UNGUARDED_AVAILABILITY = YES_AGGRESSIVE;
				CLANG_WARN_UNREACHABLE_CODE = YES;
				CLANG_WARN__DUPLICATE_METHOD_MATCH = YES;
				COPY_PHASE_STRIP = NO;
				DEBUG_INFORMATION_FORMAT = "dwarf-with-dsym";
				ENABLE_NS_ASSERTIONS = NO;
				ENABLE_STRICT_OBJC_MSGSEND = YES;
				GCC_C_LANGUAGE_STANDARD = gnu11;
				GCC_NO_COMMON_BLOCKS = YES;
				GCC_WARN_64_TO_32_BIT_CONVERSION = YES;
				GCC_WARN_ABOUT_RETURN_TYPE = YES_ERROR;
				GCC_WARN_UNDECLARED_SELECTOR = YES;
				GCC_WARN_UNINITIALIZED_AUTOS = YES_AGGRESSIVE;
				GCC_WARN_UNUSED_FUNCTION = YES;
				GCC_WARN_UNUSED_VARIABLE = YES;
				IPHONEOS_DEPLOYMENT_TARGET = 15.0;
				MTL_ENABLE_DEBUG_INFO = NO;
				MTL_FAST_MATH = YES;
				SDKROOT = iphoneos;
				SWIFT_COMPILATION_MODE = wholemodule;
				SWIFT_OPTIMIZATION_LEVEL = "-O";
				VALIDATE_PRODUCT = YES;
			};
			name = Release;
		};
		3CE2058128B7C36400D11DD8 /* Debug */ = {
			isa = XCBuildConfiguration;
			buildSettings = {
				ASSETCATALOG_COMPILER_APPICON_NAME = AppIcon;
				ASSETCATALOG_COMPILER_GLOBAL_ACCENT_COLOR_NAME = AccentColor;
				CODE_SIGN_STYLE = Automatic;
				CURRENT_PROJECT_VERSION = 1;
				DEVELOPMENT_ASSET_PATHS = "\"WeatherChallenge/Preview Content\"";
				ENABLE_PREVIEWS = YES;
				GENERATE_INFOPLIST_FILE = YES;
				INFOPLIST_KEY_NSLocationWhenInUseUsageDescription = "Permitir acceso a la ubicacion para conseguir datos del clima";
				INFOPLIST_KEY_UIApplicationSceneManifest_Generation = YES;
				INFOPLIST_KEY_UIApplicationSupportsIndirectInputEvents = YES;
				INFOPLIST_KEY_UILaunchScreen_Generation = YES;
				INFOPLIST_KEY_UISupportedInterfaceOrientations_iPad = "UIInterfaceOrientationPortrait UIInterfaceOrientationPortraitUpsideDown UIInterfaceOrientationLandscapeLeft UIInterfaceOrientationLandscapeRight";
				INFOPLIST_KEY_UISupportedInterfaceOrientations_iPhone = "UIInterfaceOrientationPortrait UIInterfaceOrientationLandscapeLeft UIInterfaceOrientationLandscapeRight";
				IPHONEOS_DEPLOYMENT_TARGET = 15.0;
				LD_RUNPATH_SEARCH_PATHS = (
					"$(inherited)",
					"@executable_path/Frameworks",
				);
				MARKETING_VERSION = 1.0;
				PRODUCT_BUNDLE_IDENTIFIER = me.moyano.manuel.WeatherChallenge;
				PRODUCT_NAME = "$(TARGET_NAME)";
				SWIFT_EMIT_LOC_STRINGS = YES;
				SWIFT_VERSION = 5.0;
				TARGETED_DEVICE_FAMILY = "1,2";
			};
			name = Debug;
		};
		3CE2058228B7C36400D11DD8 /* Release */ = {
			isa = XCBuildConfiguration;
			buildSettings = {
				ASSETCATALOG_COMPILER_APPICON_NAME = AppIcon;
				ASSETCATALOG_COMPILER_GLOBAL_ACCENT_COLOR_NAME = AccentColor;
				CODE_SIGN_STYLE = Automatic;
				CURRENT_PROJECT_VERSION = 1;
				DEVELOPMENT_ASSET_PATHS = "\"WeatherChallenge/Preview Content\"";
				ENABLE_PREVIEWS = YES;
				GENERATE_INFOPLIST_FILE = YES;
				INFOPLIST_KEY_NSLocationWhenInUseUsageDescription = "Permitir acceso a la ubicacion para conseguir datos del clima";
				INFOPLIST_KEY_UIApplicationSceneManifest_Generation = YES;
				INFOPLIST_KEY_UIApplicationSupportsIndirectInputEvents = YES;
				INFOPLIST_KEY_UILaunchScreen_Generation = YES;
				INFOPLIST_KEY_UISupportedInterfaceOrientations_iPad = "UIInterfaceOrientationPortrait UIInterfaceOrientationPortraitUpsideDown UIInterfaceOrientationLandscapeLeft UIInterfaceOrientationLandscapeRight";
				INFOPLIST_KEY_UISupportedInterfaceOrientations_iPhone = "UIInterfaceOrientationPortrait UIInterfaceOrientationLandscapeLeft UIInterfaceOrientationLandscapeRight";
				IPHONEOS_DEPLOYMENT_TARGET = 15.0;
				LD_RUNPATH_SEARCH_PATHS = (
					"$(inherited)",
					"@executable_path/Frameworks",
				);
				MARKETING_VERSION = 1.0;
				PRODUCT_BUNDLE_IDENTIFIER = me.moyano.manuel.WeatherChallenge;
				PRODUCT_NAME = "$(TARGET_NAME)";
				SWIFT_EMIT_LOC_STRINGS = YES;
				SWIFT_VERSION = 5.0;
				TARGETED_DEVICE_FAMILY = "1,2";
			};
			name = Release;
		};
/* End XCBuildConfiguration section */

/* Begin XCConfigurationList section */
		3CE2056D28B7C35B00D11DD8 /* Build configuration list for PBXProject "WeatherChallenge" */ = {
			isa = XCConfigurationList;
			buildConfigurations = (
				3CE2057E28B7C36400D11DD8 /* Debug */,
				3CE2057F28B7C36400D11DD8 /* Release */,
			);
			defaultConfigurationIsVisible = 0;
			defaultConfigurationName = Release;
		};
		3CE2058028B7C36400D11DD8 /* Build configuration list for PBXNativeTarget "WeatherChallenge" */ = {
			isa = XCConfigurationList;
			buildConfigurations = (
				3CE2058128B7C36400D11DD8 /* Debug */,
				3CE2058228B7C36400D11DD8 /* Release */,
			);
			defaultConfigurationIsVisible = 0;
			defaultConfigurationName = Release;
		};
/* End XCConfigurationList section */

/* Begin XCRemoteSwiftPackageReference section */
		3CE2058628B7D56900D11DD8 /* XCRemoteSwiftPackageReference "Alamofire" */ = {
			isa = XCRemoteSwiftPackageReference;
			repositoryURL = "https://github.com/Alamofire/Alamofire.git";
			requirement = {
				branch = master;
				kind = branch;
			};
		};
/* End XCRemoteSwiftPackageReference section */

/* Begin XCSwiftPackageProductDependency section */
		3CE2058728B7D56900D11DD8 /* Alamofire */ = {
			isa = XCSwiftPackageProductDependency;
			package = 3CE2058628B7D56900D11DD8 /* XCRemoteSwiftPackageReference "Alamofire" */;
			productName = Alamofire;
		};
/* End XCSwiftPackageProductDependency section */
	};
	rootObject = 3CE2056A28B7C35B00D11DD8 /* Project object */;
}
